
Microsoft Visual Studio Solution File, Format Version 11.00
# Visual Studio 2010
Project("{FAE04EC0-301F-11D3-BF4B-00C04F79EFBC}") = "MosaicMason", "CECS_550_ImageProcessing\MosaicMason.csproj", "{782BBA48-AB3F-4BEF-BF45-B2FCA586C75F}"
EndProject
Project("{FAE04EC0-301F-11D3-BF4B-00C04F79EFBC}") = "BatchImageScaler", "BatchImageScaler\BatchImageScaler.csproj", "{6FB3425F-D619-4A0D-9065-7C35FCA93D82}"
EndProject
Project("{FAE04EC0-301F-11D3-BF4B-00C04F79EFBC}") = "SilkScreenTileMaker", "SilkScreenTileMaker\SilkScreenTileMaker.csproj", "{AF2BD9E3-EEFF-4D67-96FD-C5259F446C56}"
EndProject
Global
	GlobalSection(SolutionConfigurationPlatforms) = preSolution
		Debug|Any CPU = Debug|Any CPU
		Release|Any CPU = Release|Any CPU
	EndGlobalSection
	GlobalSection(ProjectConfigurationPlatforms) = postSolution
		{782BBA48-AB3F-4BEF-BF45-B2FCA586C75F}.Debug|Any CPU.ActiveCfg = Debug|Any CPU
		{782BBA48-AB3F-4BEF-BF45-B2FCA586C75F}.Debug|Any CPU.Build.0 = Debug|Any CPU
		{782BBA48-AB3F-4BEF-BF45-B2FCA586C75F}.Release|Any CPU.ActiveCfg = Release|Any CPU
		{782BBA48-AB3F-4BEF-BF45-B2FCA586C75F}.Release|Any CPU.Build.0 = Release|Any CPU
		{6FB3425F-D619-4A0D-9065-7C35FCA93D82}.Debug|Any CPU.ActiveCfg = Debug|Any CPU
		{6FB3425F-D619-4A0D-9065-7C35FCA93D82}.Debug|Any CPU.Build.0 = Debug|Any CPU
		{6FB3425F-D619-4A0D-9065-7C35FCA93D82}.Release|Any CPU.ActiveCfg = Release|Any CPU
		{6FB3425F-D619-4A0D-9065-7C35FCA93D82}.Release|Any CPU.Build.0 = Release|Any CPU
		{AF2BD9E3-EEFF-4D67-96FD-C5259F446C56}.Debug|Any CPU.ActiveCfg = Debug|Any CPU
		{AF2BD9E3-EEFF-4D67-96FD-C5259F446C56}.Debug|Any CPU.Build.0 = Debug|Any CPU
		{AF2BD9E3-EEFF-4D67-96FD-C5259F446C56}.Release|Any CPU.ActiveCfg = Release|Any CPU
		{AF2BD9E3-EEFF-4D67-96FD-C5259F446C56}.Release|Any CPU.Build.0 = Release|Any CPU
	EndGlobalSection
	GlobalSection(SolutionProperties) = preSolution
		HideSolutionNode = FALSE
	EndGlobalSection
EndGlobal
